<?xml version="1.0" encoding="UTF-8" standalone="yes" ?>
<CodeBlocks_project_file>
	<FileVersion major="1" minor="6" />
	<Project>
		<Option title="Tiny2D_Sample" />
		<Option pch_mode="2" />
		<Option compiler="gcc" />
		<Build>
			<Target title="Debug">
				<Option output="bin/Debug/Tiny2D_Sample" prefix_auto="1" extension_auto="1" />
				<Option object_output="obj/Debug/" />
				<Option type="1" />
				<Option compiler="gcc" />
				<Compiler>
					<Add option="-g" />
					<Add directory="../../Include" />
				</Compiler>
				<Linker>
					<Add library="mingw32" />
					<Add library="SDL2main" />
					<Add library="SDL2.dll" />
					<Add library="user32" />
					<Add library="gdi32" />
					<Add library="winmm" />
					<Add library="dxguid" />
					<Add library="Tiny2DDebug" />
					<Add directory="../../SDKs/SDL/lib/x86_64-w64-mingw32" />
					<Add directory="../../Lib/x86_mingw" />
				</Linker>
			</Target>
			<Target title="Release">
				<Option output="bin/Release/Tiny2D_Sample" prefix_auto="1" extension_auto="1" />
				<Option object_output="obj/Release/" />
				<Option type="1" />
				<Option compiler="gcc" />
				<Compiler>
					<Add option="-O2" />
				</Compiler>
				<Linker>
					<Add option="-s" />
				</Linker>
			</Target>
		</Build>
		<Compiler>
			<Add option="-Wall" />
			<Add option="-fexceptions" />
		</Compiler>
		<Unit filename="../Tiny2D_Sample.cpp" />
		<Extensions>
			<code_completion />
			<envvars />
			<debugger />
			<lib_finder disable_auto="1" />
		</Extensions>
	</Project>
</CodeBlocks_project_file>
